
Microsoft Visual Studio Solution File, Format Version 12.00
# Visual Studio 15
VisualStudioVersion = 15.0.26430.14
MinimumVisualStudioVersion = 10.0.40219.1
Project("{FAE04EC0-301F-11D3-BF4B-00C04F79EFBC}") = "PrismDemo", "PrismDemo\PrismDemo\PrismDemo.csproj", "{7D44E976-BB33-457D-B3AE-35663ABA755E}"
EndProject
Project("{FAE04EC0-301F-11D3-BF4B-00C04F79EFBC}") = "PrismDemo.Droid", "PrismDemo\PrismDemo.Droid\PrismDemo.Droid.csproj", "{491EAD29-4B77-4BD3-A592-BC8375F7516E}"
EndProject
Project("{FAE04EC0-301F-11D3-BF4B-00C04F79EFBC}") = "PrismDemo.iOS", "PrismDemo\PrismDemo.iOS\PrismDemo.iOS.csproj", "{64B53ED7-B6F9-4B4D-BF4A-F42D57908D5A}"
EndProject
Project("{FAE04EC0-301F-11D3-BF4B-00C04F79EFBC}") = "PrismDemo.UnitTests", "PrismDemo.UnitTests\PrismDemo.UnitTests.csproj", "{9E8A9B43-C1E6-45F7-8073-40D98CEA6EEE}"
EndProject
Global
	GlobalSection(SolutionConfigurationPlatforms) = preSolution
		Ad-Hoc|Any CPU = Ad-Hoc|Any CPU
		Ad-Hoc|iPhone = Ad-Hoc|iPhone
		Ad-Hoc|iPhoneSimulator = Ad-Hoc|iPhoneSimulator
		AppStore|Any CPU = AppStore|Any CPU
		AppStore|iPhone = AppStore|iPhone
		AppStore|iPhoneSimulator = AppStore|iPhoneSimulator
		Debug|Any CPU = Debug|Any CPU
		Debug|iPhone = Debug|iPhone
		Debug|iPhoneSimulator = Debug|iPhoneSimulator
		Release|Any CPU = Release|Any CPU
		Release|iPhone = Release|iPhone
		Release|iPhoneSimulator = Release|iPhoneSimulator
	EndGlobalSection
	GlobalSection(ProjectConfigurationPlatforms) = postSolution
		{7D44E976-BB33-457D-B3AE-35663ABA755E}.Ad-Hoc|Any CPU.ActiveCfg = Release|Any CPU
		{7D44E976-BB33-457D-B3AE-35663ABA755E}.Ad-Hoc|Any CPU.Build.0 = Release|Any CPU
		{7D44E976-BB33-457D-B3AE-35663ABA755E}.Ad-Hoc|iPhone.ActiveCfg = Release|Any CPU
		{7D44E976-BB33-457D-B3AE-35663ABA755E}.Ad-Hoc|iPhone.Build.0 = Release|Any CPU
		{7D44E976-BB33-457D-B3AE-35663ABA755E}.Ad-Hoc|iPhoneSimulator.ActiveCfg = Release|Any CPU
		{7D44E976-BB33-457D-B3AE-35663ABA755E}.Ad-Hoc|iPhoneSimulator.Build.0 = Release|Any CPU
		{7D44E976-BB33-457D-B3AE-35663ABA755E}.AppStore|Any CPU.ActiveCfg = Release|Any CPU
		{7D44E976-BB33-457D-B3AE-35663ABA755E}.AppStore|Any CPU.Build.0 = Release|Any CPU
		{7D44E976-BB33-457D-B3AE-35663ABA755E}.AppStore|iPhone.ActiveCfg = Release|Any CPU
		{7D44E976-BB33-457D-B3AE-35663ABA755E}.AppStore|iPhone.Build.0 = Release|Any CPU
		{7D44E976-BB33-457D-B3AE-35663ABA755E}.AppStore|iPhoneSimulator.ActiveCfg = Release|Any CPU
		{7D44E976-BB33-457D-B3AE-35663ABA755E}.AppStore|iPhoneSimulator.Build.0 = Release|Any CPU
		{7D44E976-BB33-457D-B3AE-35663ABA755E}.Debug|Any CPU.ActiveCfg = Debug|Any CPU
		{7D44E976-BB33-457D-B3AE-35663ABA755E}.Debug|Any CPU.Build.0 = Debug|Any CPU
		{7D44E976-BB33-457D-B3AE-35663ABA755E}.Debug|iPhone.ActiveCfg = Debug|Any CPU
		{7D44E976-BB33-457D-B3AE-35663ABA755E}.Debug|iPhone.Build.0 = Debug|Any CPU
		{7D44E976-BB33-457D-B3AE-35663ABA755E}.Debug|iPhoneSimulator.ActiveCfg = Debug|Any CPU
		{7D44E976-BB33-457D-B3AE-35663ABA755E}.Debug|iPhoneSimulator.Build.0 = Debug|Any CPU
		{7D44E976-BB33-457D-B3AE-35663ABA755E}.Release|Any CPU.ActiveCfg = Release|Any CPU
		{7D44E976-BB33-457D-B3AE-35663ABA755E}.Release|Any CPU.Build.0 = Release|Any CPU
		{7D44E976-BB33-457D-B3AE-35663ABA755E}.Release|iPhone.ActiveCfg = Release|Any CPU
		{7D44E976-BB33-457D-B3AE-35663ABA755E}.Release|iPhone.Build.0 = Release|Any CPU
		{7D44E976-BB33-457D-B3AE-35663ABA755E}.Release|iPhoneSimulator.ActiveCfg = Release|Any CPU
		{7D44E976-BB33-457D-B3AE-35663ABA755E}.Release|iPhoneSimulator.Build.0 = Release|Any CPU
		{491EAD29-4B77-4BD3-A592-BC8375F7516E}.Ad-Hoc|Any CPU.ActiveCfg = Release|Any CPU
		{491EAD29-4B77-4BD3-A592-BC8375F7516E}.Ad-Hoc|Any CPU.Build.0 = Release|Any CPU
		{491EAD29-4B77-4BD3-A592-BC8375F7516E}.Ad-Hoc|Any CPU.Deploy.0 = Release|Any CPU
		{491EAD29-4B77-4BD3-A592-BC8375F7516E}.Ad-Hoc|iPhone.ActiveCfg = Release|Any CPU
		{491EAD29-4B77-4BD3-A592-BC8375F7516E}.Ad-Hoc|iPhone.Build.0 = Release|Any CPU
		{491EAD29-4B77-4BD3-A592-BC8375F7516E}.Ad-Hoc|iPhone.Deploy.0 = Release|Any CPU
		{491EAD29-4B77-4BD3-A592-BC8375F7516E}.Ad-Hoc|iPhoneSimulator.ActiveCfg = Release|Any CPU
		{491EAD29-4B77-4BD3-A592-BC8375F7516E}.Ad-Hoc|iPhoneSimulator.Build.0 = Release|Any CPU
		{491EAD29-4B77-4BD3-A592-BC8375F7516E}.Ad-Hoc|iPhoneSimulator.Deploy.0 = Release|Any CPU
		{491EAD29-4B77-4BD3-A592-BC8375F7516E}.AppStore|Any CPU.ActiveCfg = Release|Any CPU
		{491EAD29-4B77-4BD3-A592-BC8375F7516E}.AppStore|Any CPU.Build.0 = Release|Any CPU
		{491EAD29-4B77-4BD3-A592-BC8375F7516E}.AppStore|Any CPU.Deploy.0 = Release|Any CPU
		{491EAD29-4B77-4BD3-A592-BC8375F7516E}.AppStore|iPhone.ActiveCfg = Release|Any CPU
		{491EAD29-4B77-4BD3-A592-BC8375F7516E}.AppStore|iPhone.Build.0 = Release|Any CPU
		{491EAD29-4B77-4BD3-A592-BC8375F7516E}.AppStore|iPhone.Deploy.0 = Release|Any CPU
		{491EAD29-4B77-4BD3-A592-BC8375F7516E}.AppStore|iPhoneSimulator.ActiveCfg = Release|Any CPU
		{491EAD29-4B77-4BD3-A592-BC8375F7516E}.AppStore|iPhoneSimulator.Build.0 = Release|Any CPU
		{491EAD29-4B77-4BD3-A592-BC8375F7516E}.AppStore|iPhoneSimulator.Deploy.0 = Release|Any CPU
		{491EAD29-4B77-4BD3-A592-BC8375F7516E}.Debug|Any CPU.ActiveCfg = Debug|Any CPU
		{491EAD29-4B77-4BD3-A592-BC8375F7516E}.Debug|Any CPU.Build.0 = Debug|Any CPU
		{491EAD29-4B77-4BD3-A592-BC8375F7516E}.Debug|Any CPU.Deploy.0 = Debug|Any CPU
		{491EAD29-4B77-4BD3-A592-BC8375F7516E}.Debug|iPhone.ActiveCfg = Debug|Any CPU
		{491EAD29-4B77-4BD3-A592-BC8375F7516E}.Debug|iPhone.Build.0 = Debug|Any CPU
		{491EAD29-4B77-4BD3-A592-BC8375F7516E}.Debug|iPhone.Deploy.0 = Debug|Any CPU
		{491EAD29-4B77-4BD3-A592-BC8375F7516E}.Debug|iPhoneSimulator.ActiveCfg = Debug|Any CPU
		{491EAD29-4B77-4BD3-A592-BC8375F7516E}.Debug|iPhoneSimulator.Build.0 = Debug|Any CPU
		{491EAD29-4B77-4BD3-A592-BC8375F7516E}.Debug|iPhoneSimulator.Deploy.0 = Debug|Any CPU
		{491EAD29-4B77-4BD3-A592-BC8375F7516E}.Release|Any CPU.ActiveCfg = Release|Any CPU
		{491EAD29-4B77-4BD3-A592-BC8375F7516E}.Release|Any CPU.Build.0 = Release|Any CPU
		{491EAD29-4B77-4BD3-A592-BC8375F7516E}.Release|Any CPU.Deploy.0 = Release|Any CPU
		{491EAD29-4B77-4BD3-A592-BC8375F7516E}.Release|iPhone.ActiveCfg = Release|Any CPU
		{491EAD29-4B77-4BD3-A592-BC8375F7516E}.Release|iPhone.Build.0 = Release|Any CPU
		{491EAD29-4B77-4BD3-A592-BC8375F7516E}.Release|iPhone.Deploy.0 = Release|Any CPU
		{491EAD29-4B77-4BD3-A592-BC8375F7516E}.Release|iPhoneSimulator.ActiveCfg = Release|Any CPU
		{491EAD29-4B77-4BD3-A592-BC8375F7516E}.Release|iPhoneSimulator.Build.0 = Release|Any CPU
		{491EAD29-4B77-4BD3-A592-BC8375F7516E}.Release|iPhoneSimulator.Deploy.0 = Release|Any CPU
		{64B53ED7-B6F9-4B4D-BF4A-F42D57908D5A}.Ad-Hoc|Any CPU.ActiveCfg = Ad-Hoc|iPhone
		{64B53ED7-B6F9-4B4D-BF4A-F42D57908D5A}.Ad-Hoc|iPhone.ActiveCfg = Ad-Hoc|iPhone
		{64B53ED7-B6F9-4B4D-BF4A-F42D57908D5A}.Ad-Hoc|iPhone.Build.0 = Ad-Hoc|iPhone
		{64B53ED7-B6F9-4B4D-BF4A-F42D57908D5A}.Ad-Hoc|iPhoneSimulator.ActiveCfg = Ad-Hoc|iPhoneSimulator
		{64B53ED7-B6F9-4B4D-BF4A-F42D57908D5A}.Ad-Hoc|iPhoneSimulator.Build.0 = Ad-Hoc|iPhoneSimulator
		{64B53ED7-B6F9-4B4D-BF4A-F42D57908D5A}.AppStore|Any CPU.ActiveCfg = AppStore|iPhone
		{64B53ED7-B6F9-4B4D-BF4A-F42D57908D5A}.AppStore|iPhone.ActiveCfg = AppStore|iPhone
		{64B53ED7-B6F9-4B4D-BF4A-F42D57908D5A}.AppStore|iPhone.Build.0 = AppStore|iPhone
		{64B53ED7-B6F9-4B4D-BF4A-F42D57908D5A}.AppStore|iPhoneSimulator.ActiveCfg = AppStore|iPhoneSimulator
		{64B53ED7-B6F9-4B4D-BF4A-F42D57908D5A}.AppStore|iPhoneSimulator.Build.0 = AppStore|iPhoneSimulator
		{64B53ED7-B6F9-4B4D-BF4A-F42D57908D5A}.Debug|Any CPU.ActiveCfg = Debug|iPhone
		{64B53ED7-B6F9-4B4D-BF4A-F42D57908D5A}.Debug|iPhone.ActiveCfg = Debug|iPhone
		{64B53ED7-B6F9-4B4D-BF4A-F42D57908D5A}.Debug|iPhone.Build.0 = Debug|iPhone
		{64B53ED7-B6F9-4B4D-BF4A-F42D57908D5A}.Debug|iPhoneSimulator.ActiveCfg = Debug|iPhoneSimulator
		{64B53ED7-B6F9-4B4D-BF4A-F42D57908D5A}.Debug|iPhoneSimulator.Build.0 = Debug|iPhoneSimulator
		{64B53ED7-B6F9-4B4D-BF4A-F42D57908D5A}.Release|Any CPU.ActiveCfg = Release|iPhone
		{64B53ED7-B6F9-4B4D-BF4A-F42D57908D5A}.Release|iPhone.ActiveCfg = Release|iPhone
		{64B53ED7-B6F9-4B4D-BF4A-F42D57908D5A}.Release|iPhone.Build.0 = Release|iPhone
		{64B53ED7-B6F9-4B4D-BF4A-F42D57908D5A}.Release|iPhoneSimulator.ActiveCfg = Release|iPhoneSimulator
		{64B53ED7-B6F9-4B4D-BF4A-F42D57908D5A}.Release|iPhoneSimulator.Build.0 = Release|iPhoneSimulator
		{9E8A9B43-C1E6-45F7-8073-40D98CEA6EEE}.Ad-Hoc|Any CPU.ActiveCfg = Release|Any CPU
		{9E8A9B43-C1E6-45F7-8073-40D98CEA6EEE}.Ad-Hoc|Any CPU.Build.0 = Release|Any CPU
		{9E8A9B43-C1E6-45F7-8073-40D98CEA6EEE}.Ad-Hoc|iPhone.ActiveCfg = Release|Any CPU
		{9E8A9B43-C1E6-45F7-8073-40D98CEA6EEE}.Ad-Hoc|iPhone.Build.0 = Release|Any CPU
		{9E8A9B43-C1E6-45F7-8073-40D98CEA6EEE}.Ad-Hoc|iPhoneSimulator.ActiveCfg = Release|Any CPU
		{9E8A9B43-C1E6-45F7-8073-40D98CEA6EEE}.Ad-Hoc|iPhoneSimulator.Build.0 = Release|Any CPU
		{9E8A9B43-C1E6-45F7-8073-40D98CEA6EEE}.AppStore|Any CPU.ActiveCfg = Release|Any CPU
		{9E8A9B43-C1E6-45F7-8073-40D98CEA6EEE}.AppStore|Any CPU.Build.0 = Release|Any CPU
		{9E8A9B43-C1E6-45F7-8073-40D98CEA6EEE}.AppStore|iPhone.ActiveCfg = Release|Any CPU
		{9E8A9B43-C1E6-45F7-8073-40D98CEA6EEE}.AppStore|iPhone.Build.0 = Release|Any CPU
		{9E8A9B43-C1E6-45F7-8073-40D98CEA6EEE}.AppStore|iPhoneSimulator.ActiveCfg = Release|Any CPU
		{9E8A9B43-C1E6-45F7-8073-40D98CEA6EEE}.AppStore|iPhoneSimulator.Build.0 = Release|Any CPU
		{9E8A9B43-C1E6-45F7-8073-40D98CEA6EEE}.Debug|Any CPU.ActiveCfg = Debug|Any CPU
		{9E8A9B43-C1E6-45F7-8073-40D98CEA6EEE}.Debug|Any CPU.Build.0 = Debug|Any CPU
		{9E8A9B43-C1E6-45F7-8073-40D98CEA6EEE}.Debug|iPhone.ActiveCfg = Debug|Any CPU
		{9E8A9B43-C1E6-45F7-8073-40D98CEA6EEE}.Debug|iPhone.Build.0 = Debug|Any CPU
		{9E8A9B43-C1E6-45F7-8073-40D98CEA6EEE}.Debug|iPhoneSimulator.ActiveCfg = Debug|Any CPU
		{9E8A9B43-C1E6-45F7-8073-40D98CEA6EEE}.Debug|iPhoneSimulator.Build.0 = Debug|Any CPU
		{9E8A9B43-C1E6-45F7-8073-40D98CEA6EEE}.Release|Any CPU.ActiveCfg = Release|Any CPU
		{9E8A9B43-C1E6-45F7-8073-40D98CEA6EEE}.Release|Any CPU.Build.0 = Release|Any CPU
		{9E8A9B43-C1E6-45F7-8073-40D98CEA6EEE}.Release|iPhone.ActiveCfg = Release|Any CPU
		{9E8A9B43-C1E6-45F7-8073-40D98CEA6EEE}.Release|iPhone.Build.0 = Release|Any CPU
		{9E8A9B43-C1E6-45F7-8073-40D98CEA6EEE}.Release|iPhoneSimulator.ActiveCfg = Release|Any CPU
		{9E8A9B43-C1E6-45F7-8073-40D98CEA6EEE}.Release|iPhoneSimulator.Build.0 = Release|Any CPU
	EndGlobalSection
	GlobalSection(SolutionProperties) = preSolution
		HideSolutionNode = FALSE
	EndGlobalSection
EndGlobal
